
Microsoft Visual Studio Solution File, Format Version 12.00
# Visual Studio Version 17
VisualStudioVersion = 17.0.32112.339
MinimumVisualStudioVersion = 10.0.40219.1
Project("{F184B08F-C81C-45F6-A57F-5ABD9991F28F}") = "journal_program_1", "journal_program_1\journal_program_1.vbproj", "{39340987-1512-48F3-8054-7351738DFDC0}"
EndProject
Global
	GlobalSection(SolutionConfigurationPlatforms) = preSolution
		Debug|Any CPU = Debug|Any CPU
		Release|Any CPU = Release|Any CPU
	EndGlobalSection
	GlobalSection(ProjectConfigurationPlatforms) = postSolution
		{39340987-1512-48F3-8054-7351738DFDC0}.Debug|Any CPU.ActiveCfg = Debug|Any CPU
		{39340987-1512-48F3-8054-7351738DFDC0}.Debug|Any CPU.Build.0 = Debug|Any CPU
		{39340987-1512-48F3-8054-7351738DFDC0}.Release|Any CPU.ActiveCfg = Release|Any CPU
		{39340987-1512-48F3-8054-7351738DFDC0}.Release|Any CPU.Build.0 = Release|Any CPU
	EndGlobalSection
	GlobalSection(SolutionProperties) = preSolution
		HideSolutionNode = FALSE
	EndGlobalSection
	GlobalSection(ExtensibilityGlobals) = postSolution
		SolutionGuid = {656588AC-D4A4-4092-BB13-F910E560B7E6}
	EndGlobalSection
EndGlobal
