
Microsoft Visual Studio Solution File, Format Version 12.00
# Visual Studio Version 17
VisualStudioVersion = 17.1.32210.238
MinimumVisualStudioVersion = 10.0.40219.1
Project("{F184B08F-C81C-45F6-A57F-5ABD9991F28F}") = "journal_program_27", "journal_program_27\journal_program_27.vbproj", "{3B2CB999-1F02-4B4F-887F-95CB849BC4D7}"
EndProject
Global
	GlobalSection(SolutionConfigurationPlatforms) = preSolution
		Debug|Any CPU = Debug|Any CPU
		Release|Any CPU = Release|Any CPU
	EndGlobalSection
	GlobalSection(ProjectConfigurationPlatforms) = postSolution
		{3B2CB999-1F02-4B4F-887F-95CB849BC4D7}.Debug|Any CPU.ActiveCfg = Debug|Any CPU
		{3B2CB999-1F02-4B4F-887F-95CB849BC4D7}.Debug|Any CPU.Build.0 = Debug|Any CPU
		{3B2CB999-1F02-4B4F-887F-95CB849BC4D7}.Release|Any CPU.ActiveCfg = Release|Any CPU
		{3B2CB999-1F02-4B4F-887F-95CB849BC4D7}.Release|Any CPU.Build.0 = Release|Any CPU
	EndGlobalSection
	GlobalSection(SolutionProperties) = preSolution
		HideSolutionNode = FALSE
	EndGlobalSection
	GlobalSection(ExtensibilityGlobals) = postSolution
		SolutionGuid = {196FCF56-24D2-4DFB-8C28-87D2F180B2BA}
	EndGlobalSection
EndGlobal
